<?xml version="1.0" encoding="utf-8"?>
<Project ToolsVersion="4.0" xmlns="http://schemas.microsoft.com/developer/msbuild/2003">
  <ItemGroup>
    <ClInclude Include="src\pch.h" />
    <ClInclude Include="src\Spectrum\Camera\BoostCameraPlugin.h">
      <Filter>Camera</Filter>
    </ClInclude>
    <ClInclude Include="src\Spectrum\Player\Posture\PlayerPostureQuickStep.h">
      <Filter>Player\Posture</Filter>
    </ClInclude>
    <ClInclude Include="src\Spectrum\Player\State\PlayerStateBallJump.h">
      <Filter>Player\State</Filter>
    </ClInclude>
    <ClInclude Include="src\Spectrum\Utility\MathUtility.h">
      <Filter>Utility</Filter>
    </ClInclude>
    <ClInclude Include="src\Spectrum\Player\Base\PlayerState.inl">
      <Filter>Player\Base</Filter>
    </ClInclude>
    <ClInclude Include="src\Spectrum\Player\Base\PlayerState.h">
      <Filter>Player\Base</Filter>
    </ClInclude>
    <ClInclude Include="src\Spectrum\Player\State\PlayerStateJumpCommon.h">
      <Filter>Player\State</Filter>
    </ClInclude>
    <ClInclude Include="src\Spectrum\Player\State\PlayerStateShortJumpCommon.h">
      <Filter>Player\State</Filter>
    </ClInclude>
    <ClInclude Include="src\Spectrum\Player\State\PlayerStateJump.h">
      <Filter>Player\State</Filter>
    </ClInclude>
    <ClInclude Include="src\Spectrum\Player\State\PlayerStateUtilJump.h">
      <Filter>Player\State</Filter>
    </ClInclude>
    <ClInclude Include="src\Spectrum\Player\Parameter\PlayerParameter.h">
      <Filter>Player\Parameter</Filter>
    </ClInclude>
    <ClInclude Include="src\Spectrum\Player\State\PlayerStatePhantomCommon.h">
      <Filter>Player\State</Filter>
    </ClInclude>
    <ClInclude Include="src\Spectrum\Player\Base\PlayerPhantom.h">
      <Filter>Player\Base</Filter>
    </ClInclude>
    <ClInclude Include="src\Spectrum\Player\State\PlayerStatePhantomPuzzleStart.h">
      <Filter>Player\State</Filter>
    </ClInclude>
    <ClInclude Include="src\Spectrum\Player\State\PlayerStatePhantomPuzzleRoot.h">
      <Filter>Player\State</Filter>
    </ClInclude>
    <ClInclude Include="src\Spectrum\Player\Posture\PlayerPosture3DAir.h">
      <Filter>Player\Posture</Filter>
    </ClInclude>
    <ClInclude Include="src\Spectrum\Player\State\PlayerStateUtil.h">
      <Filter>Player\State</Filter>
    </ClInclude>
  </ItemGroup>
  <ItemGroup>
    <ClCompile Include="src\dllmain.cpp" />
    <ClCompile Include="src\pch.cpp" />
    <ClCompile Include="src\Spectrum\Camera\Controller\Player3DNormalCamera.cpp">
      <Filter>Camera\Controller</Filter>
    </ClCompile>
    <ClCompile Include="src\Spectrum\Camera\BoostCameraPlugin.cpp">
      <Filter>Camera</Filter>
    </ClCompile>
    <ClCompile Include="src\Spectrum\Camera\Camera.cpp">
      <Filter>Camera</Filter>
    </ClCompile>
    <ClCompile Include="src\Spectrum\Player\Posture\PlayerPostureMoveManager.cpp">
      <Filter>Player\Posture</Filter>
    </ClCompile>
    <ClCompile Include="src\Spectrum\Player\Posture\PlayerPostureQuickStep.cpp">
      <Filter>Player\Posture</Filter>
    </ClCompile>
    <ClCompile Include="src\Spectrum\Player\State\PlayerStateBallJump.cpp">
      <Filter>Player\State</Filter>
    </ClCompile>
    <ClCompile Include="src\Spectrum\Player\State\PlayerStateJump.cpp">
      <Filter>Player\State</Filter>
    </ClCompile>
    <ClCompile Include="src\Spectrum\Player\State\PlayerStateSpinDashCharge.cpp">
      <Filter>Player\State</Filter>
    </ClCompile>
    <ClCompile Include="src\Spectrum\Utility\MathUtility.cpp">
      <Filter>Utility</Filter>
    </ClCompile>
    <ClCompile Include="src\Spectrum\Player\Base\PlayerState.cpp">
      <Filter>Player\Base</Filter>
    </ClCompile>
    <ClCompile Include="src\Spectrum\Player\State\PlayerStateJumpCommon.cpp">
      <Filter>Player\State</Filter>
    </ClCompile>
    <ClCompile Include="src\Spectrum\Player\State\PlayerStateShortJumpCommon.cpp">
      <Filter>Player\State</Filter>
    </ClCompile>
    <ClCompile Include="src\Spectrum\Player\State\PlayerStateUtilJump.cpp">
      <Filter>Player\State</Filter>
    </ClCompile>
    <ClCompile Include="src\Spectrum\Player\State\PlayerStatePhantomCommon.cpp">
      <Filter>Player\State</Filter>
    </ClCompile>
    <ClCompile Include="src\Spectrum\Player\State\PlayerStatePhantomPuzzleStart.cpp">
      <Filter>Player\State</Filter>
    </ClCompile>
    <ClCompile Include="src\Spectrum\Player\State\PlayerStatePhantomPuzzleRoot.cpp">
      <Filter>Player\State</Filter>
    </ClCompile>
    <ClCompile Include="src\Spectrum\Player\Posture\PlayerPosture3DAir.cpp">
      <Filter>Player\Posture</Filter>
    </ClCompile>
    <ClCompile Include="src\Spectrum\Player\State\PlayerStateUtil.cpp">
      <Filter>Player\State</Filter>
    </ClCompile>
  </ItemGroup>
  <ItemGroup>
    <Filter Include="Camera">
      <UniqueIdentifier>{56c0589b-eaac-4b63-9eb5-bdafa9d7f5ea}</UniqueIdentifier>
    </Filter>
    <Filter Include="Player">
      <UniqueIdentifier>{8e4ac6e2-8882-4afa-8342-eb70ae97a66e}</UniqueIdentifier>
    </Filter>
    <Filter Include="Utility">
      <UniqueIdentifier>{0f9c8bcb-72f6-4c0a-8a30-c6967dbde330}</UniqueIdentifier>
    </Filter>
    <Filter Include="Camera\Controller">
      <UniqueIdentifier>{12b5d872-2430-4a3c-99d9-6de8e12e1537}</UniqueIdentifier>
    </Filter>
    <Filter Include="Player\State">
      <UniqueIdentifier>{0e1fa6ee-2c71-4f97-9eb7-a8c56d9fc8b6}</UniqueIdentifier>
    </Filter>
    <Filter Include="Player\Posture">
      <UniqueIdentifier>{58577ae4-f7a0-46ca-9d15-4ab2807b316a}</UniqueIdentifier>
    </Filter>
    <Filter Include="Player\Base">
      <UniqueIdentifier>{042919d4-17f2-42e0-93b0-f499bfb64cd4}</UniqueIdentifier>
    </Filter>
    <Filter Include="Player\Parameter">
      <UniqueIdentifier>{458ffdd3-3a3e-4394-b23c-04225746ae8a}</UniqueIdentifier>
    </Filter>
  </ItemGroup>
</Project>